// !$*UTF8*$!
{
	archiveVersion = 1;
	classes = {
	};
	objectVersion = 77;
	objects = {

/* Begin PBXBuildFile section */
		AD471B332ED4529000D008FE /* Lottie in Frameworks */ = {isa = PBXBuildFile; productRef = AD471B322ED4529000D008FE /* Lottie */; };
/* End PBXBuildFile section */

/* Begin PBXContainerItemProxy section */
		5DBE81462EB34C91001227C3 /* PBXContainerItemProxy */ = {
			isa = PBXContainerItemProxy;
			containerPortal = 5DBE81302EB34C91001227C3 /* Project object */;
			proxyType = 1;
			remoteGlobalIDString = 5DBE81372EB34C91001227C3;
			remoteInfo = "RiSTOCK-Client";
		};
		5DBE81502EB34C91001227C3 /* PBXContainerItemProxy */ = {
			isa = PBXContainerItemProxy;
			containerPortal = 5DBE81302EB34C91001227C3 /* Project object */;
			proxyType = 1;
			remoteGlobalIDString = 5DBE81372EB34C91001227C3;
			remoteInfo = "RiSTOCK-Client";
		};
/* End PBXContainerItemProxy section */

/* Begin PBXCopyFilesBuildPhase section */
		AD471B422ED456C200D008FE /* Embed Frameworks */ = {
			isa = PBXCopyFilesBuildPhase;
			buildActionMask = 2147483647;
			dstPath = "";
			dstSubfolderSpec = 10;
			files = (
			);
			name = "Embed Frameworks";
			runOnlyForDeploymentPostprocessing = 0;
		};
/* End PBXCopyFilesBuildPhase section */

/* Begin PBXFileReference section */
		5DBE81382EB34C91001227C3 /* RiSTOCK-Client.app */ = {isa = PBXFileReference; explicitFileType = wrapper.application; includeInIndex = 0; path = "RiSTOCK-Client.app"; sourceTree = BUILT_PRODUCTS_DIR; };
		5DBE81452EB34C91001227C3 /* RiSTOCK-ClientTests.xctest */ = {isa = PBXFileReference; explicitFileType = wrapper.cfbundle; includeInIndex = 0; path = "RiSTOCK-ClientTests.xctest"; sourceTree = BUILT_PRODUCTS_DIR; };
		5DBE814F2EB34C91001227C3 /* RiSTOCK-ClientUITests.xctest */ = {isa = PBXFileReference; explicitFileType = wrapper.cfbundle; includeInIndex = 0; path = "RiSTOCK-ClientUITests.xctest"; sourceTree = BUILT_PRODUCTS_DIR; };
/* End PBXFileReference section */

/* Begin PBXFileSystemSynchronizedBuildFileExceptionSet section */
		5DBE81632EB34DC1001227C3 /* Exceptions for "RiSTOCK-Client" folder in "RiSTOCK-Client" target */ = {
			isa = PBXFileSystemSynchronizedBuildFileExceptionSet;
			membershipExceptions = (
				Info.plist,
			);
			target = 5DBE81372EB34C91001227C3 /* RiSTOCK-Client */;
		};
/* End PBXFileSystemSynchronizedBuildFileExceptionSet section */

/* Begin PBXFileSystemSynchronizedRootGroup section */
		5DBE813A2EB34C91001227C3 /* RiSTOCK-Client */ = {
			isa = PBXFileSystemSynchronizedRootGroup;
			exceptions = (
				5DBE81632EB34DC1001227C3 /* Exceptions for "RiSTOCK-Client" folder in "RiSTOCK-Client" target */,
			);
			path = "RiSTOCK-Client";
			sourceTree = "<group>";
		};
		5DBE81482EB34C91001227C3 /* RiSTOCK-ClientTests */ = {
			isa = PBXFileSystemSynchronizedRootGroup;
			path = "RiSTOCK-ClientTests";
			sourceTree = "<group>";
		};
		5DBE81522EB34C91001227C3 /* RiSTOCK-ClientUITests */ = {
			isa = PBXFileSystemSynchronizedRootGroup;
			path = "RiSTOCK-ClientUITests";
			sourceTree = "<group>";
		};
/* End PBXFileSystemSynchronizedRootGroup section */

/* Begin PBXFrameworksBuildPhase section */
		5DBE81352EB34C91001227C3 /* Frameworks */ = {
			isa = PBXFrameworksBuildPhase;
			buildActionMask = 2147483647;
			files = (
				AD471B332ED4529000D008FE /* Lottie in Frameworks */,
			);
			runOnlyForDeploymentPostprocessing = 0;
		};
		5DBE81422EB34C91001227C3 /* Frameworks */ = {
			isa = PBXFrameworksBuildPhase;
			buildActionMask = 2147483647;
			files = (
			);
			runOnlyForDeploymentPostprocessing = 0;
		};
		5DBE814C2EB34C91001227C3 /* Frameworks */ = {
			isa = PBXFrameworksBuildPhase;
			buildActionMask = 2147483647;
			files = (
			);
			runOnlyForDeploymentPostprocessing = 0;
		};
/* End PBXFrameworksBuildPhase section */

/* Begin PBXGroup section */
		5DBE812F2EB34C91001227C3 = {
			isa = PBXGroup;
			children = (
				5DBE813A2EB34C91001227C3 /* RiSTOCK-Client */,
				5DBE81482EB34C91001227C3 /* RiSTOCK-ClientTests */,
				5DBE81522EB34C91001227C3 /* RiSTOCK-ClientUITests */,
				5DBE81392EB34C91001227C3 /* Products */,
			);
			sourceTree = "<group>";
		};
		5DBE81392EB34C91001227C3 /* Products */ = {
			isa = PBXGroup;
			children = (
				5DBE81382EB34C91001227C3 /* RiSTOCK-Client.app */,
				5DBE81452EB34C91001227C3 /* RiSTOCK-ClientTests.xctest */,
				5DBE814F2EB34C91001227C3 /* RiSTOCK-ClientUITests.xctest */,
			);
			name = Products;
			sourceTree = "<group>";
		};
/* End PBXGroup section */

/* Begin PBXNativeTarget section */
		5DBE81372EB34C91001227C3 /* RiSTOCK-Client */ = {
			isa = PBXNativeTarget;
			buildConfigurationList = 5DBE81592EB34C92001227C3 /* Build configuration list for PBXNativeTarget "RiSTOCK-Client" */;
			buildPhases = (
				5DBE81342EB34C91001227C3 /* Sources */,
				5DBE81352EB34C91001227C3 /* Frameworks */,
				5DBE81362EB34C91001227C3 /* Resources */,
				AD471B422ED456C200D008FE /* Embed Frameworks */,
			);
			buildRules = (
			);
			dependencies = (
			);
			fileSystemSynchronizedGroups = (
				5DBE813A2EB34C91001227C3 /* RiSTOCK-Client */,
			);
			name = "RiSTOCK-Client";
			packageProductDependencies = (
				AD471B322ED4529000D008FE /* Lottie */,
			);
			productName = "RiSTOCK-Client";
			productReference = 5DBE81382EB34C91001227C3 /* RiSTOCK-Client.app */;
			productType = "com.apple.product-type.application";
		};
		5DBE81442EB34C91001227C3 /* RiSTOCK-ClientTests */ = {
			isa = PBXNativeTarget;
			buildConfigurationList = 5DBE815C2EB34C92001227C3 /* Build configuration list for PBXNativeTarget "RiSTOCK-ClientTests" */;
			buildPhases = (
				5DBE81412EB34C91001227C3 /* Sources */,
				5DBE81422EB34C91001227C3 /* Frameworks */,
				5DBE81432EB34C91001227C3 /* Resources */,
			);
			buildRules = (
			);
			dependencies = (
				5DBE81472EB34C91001227C3 /* PBXTargetDependency */,
			);
			fileSystemSynchronizedGroups = (
				5DBE81482EB34C91001227C3 /* RiSTOCK-ClientTests */,
			);
			name = "RiSTOCK-ClientTests";
			packageProductDependencies = (
			);
			productName = "RiSTOCK-ClientTests";
			productReference = 5DBE81452EB34C91001227C3 /* RiSTOCK-ClientTests.xctest */;
			productType = "com.apple.product-type.bundle.unit-test";
		};
		5DBE814E2EB34C91001227C3 /* RiSTOCK-ClientUITests */ = {
			isa = PBXNativeTarget;
			buildConfigurationList = 5DBE815F2EB34C92001227C3 /* Build configuration list for PBXNativeTarget "RiSTOCK-ClientUITests" */;
			buildPhases = (
				5DBE814B2EB34C91001227C3 /* Sources */,
				5DBE814C2EB34C91001227C3 /* Frameworks */,
				5DBE814D2EB34C91001227C3 /* Resources */,
			);
			buildRules = (
			);
			dependencies = (
				5DBE81512EB34C91001227C3 /* PBXTargetDependency */,
			);
			fileSystemSynchronizedGroups = (
				5DBE81522EB34C91001227C3 /* RiSTOCK-ClientUITests */,
			);
			name = "RiSTOCK-ClientUITests";
			packageProductDependencies = (
			);
			productName = "RiSTOCK-ClientUITests";
			productReference = 5DBE814F2EB34C91001227C3 /* RiSTOCK-ClientUITests.xctest */;
			productType = "com.apple.product-type.bundle.ui-testing";
		};
/* End PBXNativeTarget section */

/* Begin PBXProject section */
		5DBE81302EB34C91001227C3 /* Project object */ = {
			isa = PBXProject;
			attributes = {
				BuildIndependentTargetsInParallel = 1;
				LastSwiftUpdateCheck = 2600;
				LastUpgradeCheck = 2600;
				TargetAttributes = {
					5DBE81372EB34C91001227C3 = {
						CreatedOnToolsVersion = 26.0.1;
					};
					5DBE81442EB34C91001227C3 = {
						CreatedOnToolsVersion = 26.0.1;
						TestTargetID = 5DBE81372EB34C91001227C3;
					};
					5DBE814E2EB34C91001227C3 = {
						CreatedOnToolsVersion = 26.0.1;
						TestTargetID = 5DBE81372EB34C91001227C3;
					};
				};
			};
			buildConfigurationList = 5DBE81332EB34C91001227C3 /* Build configuration list for PBXProject "RiSTOCK-Client" */;
			developmentRegion = en;
			hasScannedForEncodings = 0;
			knownRegions = (
				en,
				Base,
			);
			mainGroup = 5DBE812F2EB34C91001227C3;
			minimizedProjectReferenceProxies = 1;
			packageReferences = (
				AD471B312ED4529000D008FE /* XCRemoteSwiftPackageReference "lottie-ios" */,
			);
			preferredProjectObjectVersion = 77;
			productRefGroup = 5DBE81392EB34C91001227C3 /* Products */;
			projectDirPath = "";
			projectRoot = "";
			targets = (
				5DBE81372EB34C91001227C3 /* RiSTOCK-Client */,
				5DBE81442EB34C91001227C3 /* RiSTOCK-ClientTests */,
				5DBE814E2EB34C91001227C3 /* RiSTOCK-ClientUITests */,
			);
		};
/* End PBXProject section */

/* Begin PBXResourcesBuildPhase section */
		5DBE81362EB34C91001227C3 /* Resources */ = {
			isa = PBXResourcesBuildPhase;
			buildActionMask = 2147483647;
			files = (
			);
			runOnlyForDeploymentPostprocessing = 0;
		};
		5DBE81432EB34C91001227C3 /* Resources */ = {
			isa = PBXResourcesBuildPhase;
			buildActionMask = 2147483647;
			files = (
			);
			runOnlyForDeploymentPostprocessing = 0;
		};
		5DBE814D2EB34C91001227C3 /* Resources */ = {
			isa = PBXResourcesBuildPhase;
			buildActionMask = 2147483647;
			files = (
			);
			runOnlyForDeploymentPostprocessing = 0;
		};
/* End PBXResourcesBuildPhase section */

/* Begin PBXSourcesBuildPhase section */
		5DBE81342EB34C91001227C3 /* Sources */ = {
			isa = PBXSourcesBuildPhase;
			buildActionMask = 2147483647;
			files = (
			);
			runOnlyForDeploymentPostprocessing = 0;
		};
		5DBE81412EB34C91001227C3 /* Sources */ = {
			isa = PBXSourcesBuildPhase;
			buildActionMask = 2147483647;
			files = (
			);
			runOnlyForDeploymentPostprocessing = 0;
		};
		5DBE814B2EB34C91001227C3 /* Sources */ = {
			isa = PBXSourcesBuildPhase;
			buildActionMask = 2147483647;
			files = (
			);
			runOnlyForDeploymentPostprocessing = 0;
		};
/* End PBXSourcesBuildPhase section */

/* Begin PBXTargetDependency section */
		5DBE81472EB34C91001227C3 /* PBXTargetDependency */ = {
			isa = PBXTargetDependency;
			target = 5DBE81372EB34C91001227C3 /* RiSTOCK-Client */;
			targetProxy = 5DBE81462EB34C91001227C3 /* PBXContainerItemProxy */;
		};
		5DBE81512EB34C91001227C3 /* PBXTargetDependency */ = {
			isa = PBXTargetDependency;
			target = 5DBE81372EB34C91001227C3 /* RiSTOCK-Client */;
			targetProxy = 5DBE81502EB34C91001227C3 /* PBXContainerItemProxy */;
		};
/* End PBXTargetDependency section */

/* Begin XCBuildConfiguration section */
		5DBE81572EB34C92001227C3 /* Debug */ = {
			isa = XCBuildConfiguration;
			buildSettings = {
				ALWAYS_SEARCH_USER_PATHS = NO;
				ASSETCATALOG_COMPILER_GENERATE_SWIFT_ASSET_SYMBOL_EXTENSIONS = YES;
				CLANG_ANALYZER_NONNULL = YES;
				CLANG_ANALYZER_NUMBER_OBJECT_CONVERSION = YES_AGGRESSIVE;
				CLANG_CXX_LANGUAGE_STANDARD = "gnu++20";
				CLANG_ENABLE_MODULES = YES;
				CLANG_ENABLE_OBJC_ARC = YES;
				CLANG_ENABLE_OBJC_WEAK = YES;
				CLANG_WARN_BLOCK_CAPTURE_AUTORELEASING = YES;
				CLANG_WARN_BOOL_CONVERSION = YES;
				CLANG_WARN_COMMA = YES;
				CLANG_WARN_CONSTANT_CONVERSION = YES;
				CLANG_WARN_DEPRECATED_OBJC_IMPLEMENTATIONS = YES;
				CLANG_WARN_DIRECT_OBJC_ISA_USAGE = YES_ERROR;
				CLANG_WARN_DOCUMENTATION_COMMENTS = YES;
				CLANG_WARN_EMPTY_BODY = YES;
				CLANG_WARN_ENUM_CONVERSION = YES;
				CLANG_WARN_INFINITE_RECURSION = YES;
				CLANG_WARN_INT_CONVERSION = YES;
				CLANG_WARN_NON_LITERAL_NULL_CONVERSION = YES;
				CLANG_WARN_OBJC_IMPLICIT_RETAIN_SELF = YES;
				CLANG_WARN_OBJC_LITERAL_CONVERSION = YES;
				CLANG_WARN_OBJC_ROOT_CLASS = YES_ERROR;
				CLANG_WARN_QUOTED_INCLUDE_IN_FRAMEWORK_HEADER = YES;
				CLANG_WARN_RANGE_LOOP_ANALYSIS = YES;
				CLANG_WARN_STRICT_PROTOTYPES = YES;
				CLANG_WARN_SUSPICIOUS_MOVE = YES;
				CLANG_WARN_UNGUARDED_AVAILABILITY = YES_AGGRESSIVE;
				CLANG_WARN_UNREACHABLE_CODE = YES;
				CLANG_WARN__DUPLICATE_METHOD_MATCH = YES;
				COPY_PHASE_STRIP = NO;
				DEBUG_INFORMATION_FORMAT = dwarf;
				DEVELOPMENT_TEAM = 35PK524L6R;
				ENABLE_STRICT_OBJC_MSGSEND = YES;
				ENABLE_TESTABILITY = YES;
				ENABLE_USER_SCRIPT_SANDBOXING = YES;
				GCC_C_LANGUAGE_STANDARD = gnu17;
				GCC_DYNAMIC_NO_PIC = NO;
				GCC_NO_COMMON_BLOCKS = YES;
				GCC_OPTIMIZATION_LEVEL = 0;
				GCC_PREPROCESSOR_DEFINITIONS = (
					"DEBUG=1",
					"$(inherited)",
				);
				GCC_WARN_64_TO_32_BIT_CONVERSION = YES;
				GCC_WARN_ABOUT_RETURN_TYPE = YES_ERROR;
				GCC_WARN_UNDECLARED_SELECTOR = YES;
				GCC_WARN_UNINITIALIZED_AUTOS = YES_AGGRESSIVE;
				GCC_WARN_UNUSED_FUNCTION = YES;
				GCC_WARN_UNUSED_VARIABLE = YES;
				IPHONEOS_DEPLOYMENT_TARGET = 26.0;
				LOCALIZATION_PREFERS_STRING_CATALOGS = YES;
				MTL_ENABLE_DEBUG_INFO = INCLUDE_SOURCE;
				MTL_FAST_MATH = YES;
				ONLY_ACTIVE_ARCH = YES;
				SDKROOT = iphoneos;
				SWIFT_ACTIVE_COMPILATION_CONDITIONS = "DEBUG $(inherited)";
				SWIFT_OPTIMIZATION_LEVEL = "-Onone";
			};
			name = Debug;
		};
		5DBE81582EB34C92001227C3 /* Release */ = {
			isa = XCBuildConfiguration;
			buildSettings = {
				ALWAYS_SEARCH_USER_PATHS = NO;
				ASSETCATALOG_COMPILER_GENERATE_SWIFT_ASSET_SYMBOL_EXTENSIONS = YES;
				CLANG_ANALYZER_NONNULL = YES;
				CLANG_ANALYZER_NUMBER_OBJECT_CONVERSION = YES_AGGRESSIVE;
				CLANG_CXX_LANGUAGE_STANDARD = "gnu++20";
				CLANG_ENABLE_MODULES = YES;
				CLANG_ENABLE_OBJC_ARC = YES;
				CLANG_ENABLE_OBJC_WEAK = YES;
				CLANG_WARN_BLOCK_CAPTURE_AUTORELEASING = YES;
				CLANG_WARN_BOOL_CONVERSION = YES;
				CLANG_WARN_COMMA = YES;
				CLANG_WARN_CONSTANT_CONVERSION = YES;
				CLANG_WARN_DEPRECATED_OBJC_IMPLEMENTATIONS = YES;
				CLANG_WARN_DIRECT_OBJC_ISA_USAGE = YES_ERROR;
				CLANG_WARN_DOCUMENTATION_COMMENTS = YES;
				CLANG_WARN_EMPTY_BODY = YES;
				CLANG_WARN_ENUM_CONVERSION = YES;
				CLANG_WARN_INFINITE_RECURSION = YES;
				CLANG_WARN_INT_CONVERSION = YES;
				CLANG_WARN_NON_LITERAL_NULL_CONVERSION = YES;
				CLANG_WARN_OBJC_IMPLICIT_RETAIN_SELF = YES;
				CLANG_WARN_OBJC_LITERAL_CONVERSION = YES;
				CLANG_WARN_OBJC_ROOT_CLASS = YES_ERROR;
				CLANG_WARN_QUOTED_INCLUDE_IN_FRAMEWORK_HEADER = YES;
				CLANG_WARN_RANGE_LOOP_ANALYSIS = YES;
				CLANG_WARN_STRICT_PROTOTYPES = YES;
				CLANG_WARN_SUSPICIOUS_MOVE = YES;
				CLANG_WARN_UNGUARDED_AVAILABILITY = YES_AGGRESSIVE;
				CLANG_WARN_UNREACHABLE_CODE = YES;
				CLANG_WARN__DUPLICATE_METHOD_MATCH = YES;
				COPY_PHASE_STRIP = NO;
				DEBUG_INFORMATION_FORMAT = "dwarf-with-dsym";
				DEVELOPMENT_TEAM = 35PK524L6R;
				ENABLE_NS_ASSERTIONS = NO;
				ENABLE_STRICT_OBJC_MSGSEND = YES;
				ENABLE_USER_SCRIPT_SANDBOXING = YES;
				GCC_C_LANGUAGE_STANDARD = gnu17;
				GCC_NO_COMMON_BLOCKS = YES;
				GCC_WARN_64_TO_32_BIT_CONVERSION = YES;
				GCC_WARN_ABOUT_RETURN_TYPE = YES_ERROR;
				GCC_WARN_UNDECLARED_SELECTOR = YES;
				GCC_WARN_UNINITIALIZED_AUTOS = YES_AGGRESSIVE;
				GCC_WARN_UNUSED_FUNCTION = YES;
				GCC_WARN_UNUSED_VARIABLE = YES;
				IPHONEOS_DEPLOYMENT_TARGET = 26.0;
				LOCALIZATION_PREFERS_STRING_CATALOGS = YES;
				MTL_ENABLE_DEBUG_INFO = NO;
				MTL_FAST_MATH = YES;
				SDKROOT = iphoneos;
				SWIFT_COMPILATION_MODE = wholemodule;
				VALIDATE_PRODUCT = YES;
			};
			name = Release;
		};
		5DBE815A2EB34C92001227C3 /* Debug */ = {
			isa = XCBuildConfiguration;
			buildSettings = {
				ASSETCATALOG_COMPILER_APPICON_NAME = AppIcon;
				ASSETCATALOG_COMPILER_GLOBAL_ACCENT_COLOR_NAME = AccentColor;
				CODE_SIGN_ENTITLEMENTS = "RiSTOCK-Client/RiSTOCK-Client.entitlements";
				CODE_SIGN_STYLE = Automatic;
				CURRENT_PROJECT_VERSION = 1;
				DEVELOPMENT_TEAM = UA7H73P97K;
				ENABLE_PREVIEWS = YES;
				GENERATE_INFOPLIST_FILE = YES;
				INFOPLIST_FILE = "RiSTOCK-Client/Info.plist";
				INFOPLIST_KEY_CFBundleDisplayName = "RiSTOCK Client";
				INFOPLIST_KEY_LSApplicationCategoryType = "public.app-category.utilities";
				INFOPLIST_KEY_NSCameraUsageDescription = "RiSTOCK uses the camera to scan a client ID from your Mac to securely connect and sync data between devices.";
				INFOPLIST_KEY_NSPhotoLibraryUsageDescription = "RiSTOCK requires access to your photo library to upload QR Code images.";
				INFOPLIST_KEY_UIApplicationSceneManifest_Generation = YES;
				INFOPLIST_KEY_UIApplicationSupportsIndirectInputEvents = YES;
				INFOPLIST_KEY_UILaunchScreen_Generation = YES;
				INFOPLIST_KEY_UISupportedInterfaceOrientations_iPad = "UIInterfaceOrientationPortrait UIInterfaceOrientationPortraitUpsideDown UIInterfaceOrientationLandscapeLeft UIInterfaceOrientationLandscapeRight";
				INFOPLIST_KEY_UISupportedInterfaceOrientations_iPhone = "UIInterfaceOrientationPortrait UIInterfaceOrientationLandscapeLeft UIInterfaceOrientationLandscapeRight";
				IPHONEOS_DEPLOYMENT_TARGET = 18.6;
				LD_RUNPATH_SEARCH_PATHS = (
					"$(inherited)",
					"@executable_path/Frameworks",
				);
				MARKETING_VERSION = 1.1.0;
				PRODUCT_BUNDLE_IDENTIFIER = "com.teukufazariz.RiSTOCK-Client";
				PRODUCT_NAME = "$(TARGET_NAME)";
				STRING_CATALOG_GENERATE_SYMBOLS = YES;
				SUPPORTED_PLATFORMS = "iphoneos iphonesimulator";
				SUPPORTS_MACCATALYST = NO;
				SUPPORTS_MAC_DESIGNED_FOR_IPHONE_IPAD = NO;
				SUPPORTS_XR_DESIGNED_FOR_IPHONE_IPAD = NO;
				SWIFT_APPROACHABLE_CONCURRENCY = YES;
				SWIFT_DEFAULT_ACTOR_ISOLATION = MainActor;
				SWIFT_EMIT_LOC_STRINGS = YES;
				SWIFT_UPCOMING_FEATURE_MEMBER_IMPORT_VISIBILITY = YES;
				SWIFT_VERSION = 5.0;
				TARGETED_DEVICE_FAMILY = "1,2";
			};
			name = Debug;
		};
		5DBE815B2EB34C92001227C3 /* Release */ = {
			isa = XCBuildConfiguration;
			buildSettings = {
				ASSETCATALOG_COMPILER_APPICON_NAME = AppIcon;
				ASSETCATALOG_COMPILER_GLOBAL_ACCENT_COLOR_NAME = AccentColor;
				CODE_SIGN_ENTITLEMENTS = "RiSTOCK-Client/RiSTOCK-Client.entitlements";
				CODE_SIGN_STYLE = Automatic;
				CURRENT_PROJECT_VERSION = 1;
				DEVELOPMENT_TEAM = UA7H73P97K;
				ENABLE_PREVIEWS = YES;
				GENERATE_INFOPLIST_FILE = YES;
				INFOPLIST_FILE = "RiSTOCK-Client/Info.plist";
				INFOPLIST_KEY_CFBundleDisplayName = "RiSTOCK Client";
				INFOPLIST_KEY_LSApplicationCategoryType = "public.app-category.utilities";
				INFOPLIST_KEY_NSCameraUsageDescription = "RiSTOCK uses the camera to scan a client ID from your Mac to securely connect and sync data between devices.";
				INFOPLIST_KEY_NSPhotoLibraryUsageDescription = "RiSTOCK requires access to your photo library to upload QR Code images.";
				INFOPLIST_KEY_UIApplicationSceneManifest_Generation = YES;
				INFOPLIST_KEY_UIApplicationSupportsIndirectInputEvents = YES;
				INFOPLIST_KEY_UILaunchScreen_Generation = YES;
				INFOPLIST_KEY_UISupportedInterfaceOrientations_iPad = "UIInterfaceOrientationPortrait UIInterfaceOrientationPortraitUpsideDown UIInterfaceOrientationLandscapeLeft UIInterfaceOrientationLandscapeRight";
				INFOPLIST_KEY_UISupportedInterfaceOrientations_iPhone = "UIInterfaceOrientationPortrait UIInterfaceOrientationLandscapeLeft UIInterfaceOrientationLandscapeRight";
				IPHONEOS_DEPLOYMENT_TARGET = 18.6;
				LD_RUNPATH_SEARCH_PATHS = (
					"$(inherited)",
					"@executable_path/Frameworks",
				);
				MARKETING_VERSION = 1.1.0;
				PRODUCT_BUNDLE_IDENTIFIER = "com.teukufazariz.RiSTOCK-Client";
				PRODUCT_NAME = "$(TARGET_NAME)";
				STRING_CATALOG_GENERATE_SYMBOLS = YES;
				SUPPORTED_PLATFORMS = "iphoneos iphonesimulator";
				SUPPORTS_MACCATALYST = NO;
				SUPPORTS_MAC_DESIGNED_FOR_IPHONE_IPAD = NO;
				SUPPORTS_XR_DESIGNED_FOR_IPHONE_IPAD = NO;
				SWIFT_APPROACHABLE_CONCURRENCY = YES;
				SWIFT_DEFAULT_ACTOR_ISOLATION = MainActor;
				SWIFT_EMIT_LOC_STRINGS = YES;
				SWIFT_UPCOMING_FEATURE_MEMBER_IMPORT_VISIBILITY = YES;
				SWIFT_VERSION = 5.0;
				TARGETED_DEVICE_FAMILY = "1,2";
			};
			name = Release;
		};
		5DBE815D2EB34C92001227C3 /* Debug */ = {
			isa = XCBuildConfiguration;
			buildSettings = {
				BUNDLE_LOADER = "$(TEST_HOST)";
				CODE_SIGN_STYLE = Automatic;
				CURRENT_PROJECT_VERSION = 1;
				DEVELOPMENT_TEAM = 35PK524L6R;
				GENERATE_INFOPLIST_FILE = YES;
				IPHONEOS_DEPLOYMENT_TARGET = 26.0;
				MARKETING_VERSION = 1.0;
				PRODUCT_BUNDLE_IDENTIFIER = "com.ricotandrio.RiSTOCK-ClientTests";
				PRODUCT_NAME = "$(TARGET_NAME)";
				STRING_CATALOG_GENERATE_SYMBOLS = NO;
				SWIFT_APPROACHABLE_CONCURRENCY = YES;
				SWIFT_EMIT_LOC_STRINGS = NO;
				SWIFT_UPCOMING_FEATURE_MEMBER_IMPORT_VISIBILITY = YES;
				SWIFT_VERSION = 5.0;
				TARGETED_DEVICE_FAMILY = "1,2";
				TEST_HOST = "$(BUILT_PRODUCTS_DIR)/RiSTOCK-Client.app/$(BUNDLE_EXECUTABLE_FOLDER_PATH)/RiSTOCK-Client";
			};
			name = Debug;
		};
		5DBE815E2EB34C92001227C3 /* Release */ = {
			isa = XCBuildConfiguration;
			buildSettings = {
				BUNDLE_LOADER = "$(TEST_HOST)";
				CODE_SIGN_STYLE = Automatic;
				CURRENT_PROJECT_VERSION = 1;
				DEVELOPMENT_TEAM = 35PK524L6R;
				GENERATE_INFOPLIST_FILE = YES;
				IPHONEOS_DEPLOYMENT_TARGET = 26.0;
				MARKETING_VERSION = 1.0;
				PRODUCT_BUNDLE_IDENTIFIER = "com.ricotandrio.RiSTOCK-ClientTests";
				PRODUCT_NAME = "$(TARGET_NAME)";
				STRING_CATALOG_GENERATE_SYMBOLS = NO;
				SWIFT_APPROACHABLE_CONCURRENCY = YES;
				SWIFT_EMIT_LOC_STRINGS = NO;
				SWIFT_UPCOMING_FEATURE_MEMBER_IMPORT_VISIBILITY = YES;
				SWIFT_VERSION = 5.0;
				TARGETED_DEVICE_FAMILY = "1,2";
				TEST_HOST = "$(BUILT_PRODUCTS_DIR)/RiSTOCK-Client.app/$(BUNDLE_EXECUTABLE_FOLDER_PATH)/RiSTOCK-Client";
			};
			name = Release;
		};
		5DBE81602EB34C92001227C3 /* Debug */ = {
			isa = XCBuildConfiguration;
			buildSettings = {
				CODE_SIGN_STYLE = Automatic;
				CURRENT_PROJECT_VERSION = 1;
				DEVELOPMENT_TEAM = 35PK524L6R;
				GENERATE_INFOPLIST_FILE = YES;
				MARKETING_VERSION = 1.0;
				PRODUCT_BUNDLE_IDENTIFIER = "com.ricotandrio.RiSTOCK-ClientUITests";
				PRODUCT_NAME = "$(TARGET_NAME)";
				STRING_CATALOG_GENERATE_SYMBOLS = NO;
				SWIFT_APPROACHABLE_CONCURRENCY = YES;
				SWIFT_EMIT_LOC_STRINGS = NO;
				SWIFT_UPCOMING_FEATURE_MEMBER_IMPORT_VISIBILITY = YES;
				SWIFT_VERSION = 5.0;
				TARGETED_DEVICE_FAMILY = "1,2";
				TEST_TARGET_NAME = "RiSTOCK-Client";
			};
			name = Debug;
		};
		5DBE81612EB34C92001227C3 /* Release */ = {
			isa = XCBuildConfiguration;
			buildSettings = {
				CODE_SIGN_STYLE = Automatic;
				CURRENT_PROJECT_VERSION = 1;
				DEVELOPMENT_TEAM = 35PK524L6R;
				GENERATE_INFOPLIST_FILE = YES;
				MARKETING_VERSION = 1.0;
				PRODUCT_BUNDLE_IDENTIFIER = "com.ricotandrio.RiSTOCK-ClientUITests";
				PRODUCT_NAME = "$(TARGET_NAME)";
				STRING_CATALOG_GENERATE_SYMBOLS = NO;
				SWIFT_APPROACHABLE_CONCURRENCY = YES;
				SWIFT_EMIT_LOC_STRINGS = NO;
				SWIFT_UPCOMING_FEATURE_MEMBER_IMPORT_VISIBILITY = YES;
				SWIFT_VERSION = 5.0;
				TARGETED_DEVICE_FAMILY = "1,2";
				TEST_TARGET_NAME = "RiSTOCK-Client";
			};
			name = Release;
		};
/* End XCBuildConfiguration section */

/* Begin XCConfigurationList section */
		5DBE81332EB34C91001227C3 /* Build configuration list for PBXProject "RiSTOCK-Client" */ = {
			isa = XCConfigurationList;
			buildConfigurations = (
				5DBE81572EB34C92001227C3 /* Debug */,
				5DBE81582EB34C92001227C3 /* Release */,
			);
			defaultConfigurationIsVisible = 0;
			defaultConfigurationName = Release;
		};
		5DBE81592EB34C92001227C3 /* Build configuration list for PBXNativeTarget "RiSTOCK-Client" */ = {
			isa = XCConfigurationList;
			buildConfigurations = (
				5DBE815A2EB34C92001227C3 /* Debug */,
				5DBE815B2EB34C92001227C3 /* Release */,
			);
			defaultConfigurationIsVisible = 0;
			defaultConfigurationName = Release;
		};
		5DBE815C2EB34C92001227C3 /* Build configuration list for PBXNativeTarget "RiSTOCK-ClientTests" */ = {
			isa = XCConfigurationList;
			buildConfigurations = (
				5DBE815D2EB34C92001227C3 /* Debug */,
				5DBE815E2EB34C92001227C3 /* Release */,
			);
			defaultConfigurationIsVisible = 0;
			defaultConfigurationName = Release;
		};
		5DBE815F2EB34C92001227C3 /* Build configuration list for PBXNativeTarget "RiSTOCK-ClientUITests" */ = {
			isa = XCConfigurationList;
			buildConfigurations = (
				5DBE81602EB34C92001227C3 /* Debug */,
				5DBE81612EB34C92001227C3 /* Release */,
			);
			defaultConfigurationIsVisible = 0;
			defaultConfigurationName = Release;
		};
/* End XCConfigurationList section */

/* Begin XCRemoteSwiftPackageReference section */
		AD471B312ED4529000D008FE /* XCRemoteSwiftPackageReference "lottie-ios" */ = {
			isa = XCRemoteSwiftPackageReference;
			repositoryURL = "https://github.com/airbnb/lottie-ios.git";
			requirement = {
				kind = upToNextMajorVersion;
				minimumVersion = 4.5.2;
			};
		};
/* End XCRemoteSwiftPackageReference section */

/* Begin XCSwiftPackageProductDependency section */
		AD471B322ED4529000D008FE /* Lottie */ = {
			isa = XCSwiftPackageProductDependency;
			package = AD471B312ED4529000D008FE /* XCRemoteSwiftPackageReference "lottie-ios" */;
			productName = Lottie;
		};
/* End XCSwiftPackageProductDependency section */
	};
	rootObject = 5DBE81302EB34C91001227C3 /* Project object */;
}
